
Microsoft Visual Studio Solution File, Format Version 12.00
# Visual Studio Version 17
VisualStudioVersion = 17.12.35506.116 d17.12
MinimumVisualStudioVersion = 10.0.40219.1
Project("{FAE04EC0-301F-11D3-BF4B-00C04F79EFBC}") = "proj", "proj\proj.csproj", "{D5165403-1EFF-45E6-912C-B5C5DBD01694}"
EndProject
Global
	GlobalSection(SolutionConfigurationPlatforms) = preSolution
		Debug|Any CPU = Debug|Any CPU
		Release|Any CPU = Release|Any CPU
	EndGlobalSection
	GlobalSection(ProjectConfigurationPlatforms) = postSolution
		{D5165403-1EFF-45E6-912C-B5C5DBD01694}.Debug|Any CPU.ActiveCfg = Debug|Any CPU
		{D5165403-1EFF-45E6-912C-B5C5DBD01694}.Debug|Any CPU.Build.0 = Debug|Any CPU
		{D5165403-1EFF-45E6-912C-B5C5DBD01694}.Release|Any CPU.ActiveCfg = Release|Any CPU
		{D5165403-1EFF-45E6-912C-B5C5DBD01694}.Release|Any CPU.Build.0 = Release|Any CPU
	EndGlobalSection
	GlobalSection(SolutionProperties) = preSolution
		HideSolutionNode = FALSE
	EndGlobalSection
EndGlobal
